
Microsoft Visual Studio Solution File, Format Version 12.00
# Visual Studio Version 17
VisualStudioVersion = 17.8.34330.188
MinimumVisualStudioVersion = 10.0.40219.1
Project("{FAE04EC0-301F-11D3-BF4B-00C04F79EFBC}") = "RORRVariantSelector", "RORRVariantSelector.csproj", "{EA748AEC-24EE-4682-B17C-587132434A14}"
EndProject
Global
	GlobalSection(SolutionConfigurationPlatforms) = preSolution
		Debug|Any CPU = Debug|Any CPU
		Release|Any CPU = Release|Any CPU
	EndGlobalSection
	GlobalSection(ProjectConfigurationPlatforms) = postSolution
		{EA748AEC-24EE-4682-B17C-587132434A14}.Debug|Any CPU.ActiveCfg = Debug|Any CPU
		{EA748AEC-24EE-4682-B17C-587132434A14}.Debug|Any CPU.Build.0 = Debug|Any CPU
		{EA748AEC-24EE-4682-B17C-587132434A14}.Release|Any CPU.ActiveCfg = Release|Any CPU
		{EA748AEC-24EE-4682-B17C-587132434A14}.Release|Any CPU.Build.0 = Release|Any CPU
	EndGlobalSection
	GlobalSection(SolutionProperties) = preSolution
		HideSolutionNode = FALSE
	EndGlobalSection
	GlobalSection(ExtensibilityGlobals) = postSolution
		SolutionGuid = {28613882-832C-47E3-BD1E-4301B342853C}
	EndGlobalSection
EndGlobal
